// !$*UTF8*$!
{
	archiveVersion = 1;
	classes = {
	};
	objectVersion = 50;
	objects = {

/* Begin PBXBuildFile section */
		513E285E237C8E8F00A5314D /* AppDelegate.swift in Sources */ = {isa = PBXBuildFile; fileRef = 513E285D237C8E8F00A5314D /* AppDelegate.swift */; };
		513E2860237C8E8F00A5314D /* GameViewController.swift in Sources */ = {isa = PBXBuildFile; fileRef = 513E285F237C8E8F00A5314D /* GameViewController.swift */; };
		513E2863237C8E8F00A5314D /* Main.storyboard in Resources */ = {isa = PBXBuildFile; fileRef = 513E2861237C8E8F00A5314D /* Main.storyboard */; };
		513E2865237C8E9000A5314D /* Assets.xcassets in Resources */ = {isa = PBXBuildFile; fileRef = 513E2864237C8E9000A5314D /* Assets.xcassets */; };
		513E2868237C8E9000A5314D /* LaunchScreen.storyboard in Resources */ = {isa = PBXBuildFile; fileRef = 513E2866237C8E9000A5314D /* LaunchScreen.storyboard */; };
		513E2873237C8F6B00A5314D /* Referee.swift in Sources */ = {isa = PBXBuildFile; fileRef = 513E2872237C8F6B00A5314D /* Referee.swift */; };
		513E2875237C8F8E00A5314D /* GameboardPosition.swift in Sources */ = {isa = PBXBuildFile; fileRef = 513E2874237C8F8E00A5314D /* GameboardPosition.swift */; };
		513E2877237C8F9F00A5314D /* GameboardSize.swift in Sources */ = {isa = PBXBuildFile; fileRef = 513E2876237C8F9F00A5314D /* GameboardSize.swift */; };
		513E2879237C8FAA00A5314D /* Gameboard.swift in Sources */ = {isa = PBXBuildFile; fileRef = 513E2878237C8FAA00A5314D /* Gameboard.swift */; };
		513E287C237C8FD700A5314D /* Player.swift in Sources */ = {isa = PBXBuildFile; fileRef = 513E287B237C8FD700A5314D /* Player.swift */; };
		513E287E237C8FEB00A5314D /* MarkView.swift in Sources */ = {isa = PBXBuildFile; fileRef = 513E287D237C8FEB00A5314D /* MarkView.swift */; };
		513E2880237C8FF600A5314D /* OView.swift in Sources */ = {isa = PBXBuildFile; fileRef = 513E287F237C8FF600A5314D /* OView.swift */; };
		513E2882237C900600A5314D /* XView.swift in Sources */ = {isa = PBXBuildFile; fileRef = 513E2881237C900600A5314D /* XView.swift */; };
		513E2884237C901600A5314D /* GameboardView.swift in Sources */ = {isa = PBXBuildFile; fileRef = 513E2883237C901600A5314D /* GameboardView.swift */; };
		513E2887237C9C5000A5314D /* GameState.swift in Sources */ = {isa = PBXBuildFile; fileRef = 513E2886237C9C5000A5314D /* GameState.swift */; };
		513E2889237C9CB800A5314D /* PlayerInputState.swift in Sources */ = {isa = PBXBuildFile; fileRef = 513E2888237C9CB800A5314D /* PlayerInputState.swift */; };
		513E288B237CA65500A5314D /* GameEndedState.swift in Sources */ = {isa = PBXBuildFile; fileRef = 513E288A237CA65500A5314D /* GameEndedState.swift */; };
		513E288E237D830D00A5314D /* Game.swift in Sources */ = {isa = PBXBuildFile; fileRef = 513E288D237D830D00A5314D /* Game.swift */; };
		513E2890237D834A00A5314D /* GameStrategy.swift in Sources */ = {isa = PBXBuildFile; fileRef = 513E288F237D834A00A5314D /* GameStrategy.swift */; };
		513E2894237D888500A5314D /* SetPlayerStrategy.swift in Sources */ = {isa = PBXBuildFile; fileRef = 513E2893237D888500A5314D /* SetPlayerStrategy.swift */; };
		513E2896237D88DE00A5314D /* FriendStrategy.swift in Sources */ = {isa = PBXBuildFile; fileRef = 513E2895237D88DE00A5314D /* FriendStrategy.swift */; };
		513E2898237D892700A5314D /* ArtificialIntelligenceStrategy.swift in Sources */ = {isa = PBXBuildFile; fileRef = 513E2897237D892700A5314D /* ArtificialIntelligenceStrategy.swift */; };
		513E289E237D9D4200A5314D /* Observable.swift in Sources */ = {isa = PBXBuildFile; fileRef = 513E289D237D9D4200A5314D /* Observable.swift */; };
		513E28A0237D9D5400A5314D /* Observer.swift in Sources */ = {isa = PBXBuildFile; fileRef = 513E289F237D9D5400A5314D /* Observer.swift */; };
		513E28A2237D9DC600A5314D /* GameSession.swift in Sources */ = {isa = PBXBuildFile; fileRef = 513E28A1237D9DC600A5314D /* GameSession.swift */; };
/* End PBXBuildFile section */

/* Begin PBXFileReference section */
		513E285A237C8E8F00A5314D /* XOgame.app */ = {isa = PBXFileReference; explicitFileType = wrapper.application; includeInIndex = 0; path = XOgame.app; sourceTree = BUILT_PRODUCTS_DIR; };
		513E285D237C8E8F00A5314D /* AppDelegate.swift */ = {isa = PBXFileReference; lastKnownFileType = sourcecode.swift; path = AppDelegate.swift; sourceTree = "<group>"; };
		513E285F237C8E8F00A5314D /* GameViewController.swift */ = {isa = PBXFileReference; lastKnownFileType = sourcecode.swift; path = GameViewController.swift; sourceTree = "<group>"; };
		513E2862237C8E8F00A5314D /* Base */ = {isa = PBXFileReference; lastKnownFileType = file.storyboard; name = Base; path = Base.lproj/Main.storyboard; sourceTree = "<group>"; };
		513E2864237C8E9000A5314D /* Assets.xcassets */ = {isa = PBXFileReference; lastKnownFileType = folder.assetcatalog; path = Assets.xcassets; sourceTree = "<group>"; };
		513E2867237C8E9000A5314D /* Base */ = {isa = PBXFileReference; lastKnownFileType = file.storyboard; name = Base; path = Base.lproj/LaunchScreen.storyboard; sourceTree = "<group>"; };
		513E2869237C8E9000A5314D /* Info.plist */ = {isa = PBXFileReference; lastKnownFileType = text.plist.xml; path = Info.plist; sourceTree = "<group>"; };
		513E2872237C8F6B00A5314D /* Referee.swift */ = {isa = PBXFileReference; lastKnownFileType = sourcecode.swift; path = Referee.swift; sourceTree = "<group>"; };
		513E2874237C8F8E00A5314D /* GameboardPosition.swift */ = {isa = PBXFileReference; lastKnownFileType = sourcecode.swift; path = GameboardPosition.swift; sourceTree = "<group>"; };
		513E2876237C8F9F00A5314D /* GameboardSize.swift */ = {isa = PBXFileReference; lastKnownFileType = sourcecode.swift; path = GameboardSize.swift; sourceTree = "<group>"; };
		513E2878237C8FAA00A5314D /* Gameboard.swift */ = {isa = PBXFileReference; lastKnownFileType = sourcecode.swift; path = Gameboard.swift; sourceTree = "<group>"; };
		513E287B237C8FD700A5314D /* Player.swift */ = {isa = PBXFileReference; lastKnownFileType = sourcecode.swift; path = Player.swift; sourceTree = "<group>"; };
		513E287D237C8FEB00A5314D /* MarkView.swift */ = {isa = PBXFileReference; lastKnownFileType = sourcecode.swift; path = MarkView.swift; sourceTree = "<group>"; };
		513E287F237C8FF600A5314D /* OView.swift */ = {isa = PBXFileReference; lastKnownFileType = sourcecode.swift; path = OView.swift; sourceTree = "<group>"; };
		513E2881237C900600A5314D /* XView.swift */ = {isa = PBXFileReference; lastKnownFileType = sourcecode.swift; path = XView.swift; sourceTree = "<group>"; };
		513E2883237C901600A5314D /* GameboardView.swift */ = {isa = PBXFileReference; lastKnownFileType = sourcecode.swift; path = GameboardView.swift; sourceTree = "<group>"; };
		513E2886237C9C5000A5314D /* GameState.swift */ = {isa = PBXFileReference; lastKnownFileType = sourcecode.swift; path = GameState.swift; sourceTree = "<group>"; };
		513E2888237C9CB800A5314D /* PlayerInputState.swift */ = {isa = PBXFileReference; lastKnownFileType = sourcecode.swift; path = PlayerInputState.swift; sourceTree = "<group>"; };
		513E288A237CA65500A5314D /* GameEndedState.swift */ = {isa = PBXFileReference; lastKnownFileType = sourcecode.swift; path = GameEndedState.swift; sourceTree = "<group>"; };
		513E288D237D830D00A5314D /* Game.swift */ = {isa = PBXFileReference; lastKnownFileType = sourcecode.swift; path = Game.swift; sourceTree = "<group>"; };
		513E288F237D834A00A5314D /* GameStrategy.swift */ = {isa = PBXFileReference; lastKnownFileType = sourcecode.swift; path = GameStrategy.swift; sourceTree = "<group>"; };
		513E2893237D888500A5314D /* SetPlayerStrategy.swift */ = {isa = PBXFileReference; lastKnownFileType = sourcecode.swift; path = SetPlayerStrategy.swift; sourceTree = "<group>"; };
		513E2895237D88DE00A5314D /* FriendStrategy.swift */ = {isa = PBXFileReference; lastKnownFileType = sourcecode.swift; path = FriendStrategy.swift; sourceTree = "<group>"; };
		513E2897237D892700A5314D /* ArtificialIntelligenceStrategy.swift */ = {isa = PBXFileReference; lastKnownFileType = sourcecode.swift; path = ArtificialIntelligenceStrategy.swift; sourceTree = "<group>"; };
		513E289D237D9D4200A5314D /* Observable.swift */ = {isa = PBXFileReference; lastKnownFileType = sourcecode.swift; path = Observable.swift; sourceTree = "<group>"; };
		513E289F237D9D5400A5314D /* Observer.swift */ = {isa = PBXFileReference; lastKnownFileType = sourcecode.swift; path = Observer.swift; sourceTree = "<group>"; };
		513E28A1237D9DC600A5314D /* GameSession.swift */ = {isa = PBXFileReference; lastKnownFileType = sourcecode.swift; path = GameSession.swift; sourceTree = "<group>"; };
/* End PBXFileReference section */

/* Begin PBXFrameworksBuildPhase section */
		513E2857237C8E8F00A5314D /* Frameworks */ = {
			isa = PBXFrameworksBuildPhase;
			buildActionMask = 2147483647;
			files = (
			);
			runOnlyForDeploymentPostprocessing = 0;
		};
/* End PBXFrameworksBuildPhase section */

/* Begin PBXGroup section */
		513E2851237C8E8F00A5314D = {
			isa = PBXGroup;
			children = (
				513E285C237C8E8F00A5314D /* XOgame */,
				513E285B237C8E8F00A5314D /* Products */,
			);
			sourceTree = "<group>";
		};
		513E285B237C8E8F00A5314D /* Products */ = {
			isa = PBXGroup;
			children = (
				513E285A237C8E8F00A5314D /* XOgame.app */,
			);
			name = Products;
			sourceTree = "<group>";
		};
		513E285C237C8E8F00A5314D /* XOgame */ = {
			isa = PBXGroup;
			children = (
				513E2892237D885A00A5314D /* Strategy */,
				513E2885237C9C2C00A5314D /* State */,
				513E285D237C8E8F00A5314D /* AppDelegate.swift */,
				513E286F237C8F1200A5314D /* Models */,
				513E2870237C8F1A00A5314D /* Views */,
				513E288C237D7C2A00A5314D /* Controllers */,
				513E2864237C8E9000A5314D /* Assets.xcassets */,
				513E2861237C8E8F00A5314D /* Main.storyboard */,
				513E2866237C8E9000A5314D /* LaunchScreen.storyboard */,
				513E2869237C8E9000A5314D /* Info.plist */,
			);
			path = XOgame;
			sourceTree = "<group>";
		};
		513E286F237C8F1200A5314D /* Models */ = {
			isa = PBXGroup;
			children = (
				513E2874237C8F8E00A5314D /* GameboardPosition.swift */,
				513E2876237C8F9F00A5314D /* GameboardSize.swift */,
				513E2878237C8FAA00A5314D /* Gameboard.swift */,
				513E287B237C8FD700A5314D /* Player.swift */,
				513E288D237D830D00A5314D /* Game.swift */,
				513E28A1237D9DC600A5314D /* GameSession.swift */,
			);
			path = Models;
			sourceTree = "<group>";
		};
		513E2870237C8F1A00A5314D /* Views */ = {
			isa = PBXGroup;
			children = (
				513E2891237D83A800A5314D /* Gameboard */,
				513E2871237C8F2700A5314D /* MarkView */,
			);
			path = Views;
			sourceTree = "<group>";
		};
		513E2871237C8F2700A5314D /* MarkView */ = {
			isa = PBXGroup;
			children = (
				513E287D237C8FEB00A5314D /* MarkView.swift */,
				513E287F237C8FF600A5314D /* OView.swift */,
				513E2881237C900600A5314D /* XView.swift */,
			);
			path = MarkView;
			sourceTree = "<group>";
		};
		513E2885237C9C2C00A5314D /* State */ = {
			isa = PBXGroup;
			children = (
				513E2886237C9C5000A5314D /* GameState.swift */,
				513E2888237C9CB800A5314D /* PlayerInputState.swift */,
				513E288A237CA65500A5314D /* GameEndedState.swift */,
			);
			path = State;
			sourceTree = "<group>";
		};
		513E288C237D7C2A00A5314D /* Controllers */ = {
			isa = PBXGroup;
			children = (
				513E285F237C8E8F00A5314D /* GameViewController.swift */,
			);
			path = Controllers;
			sourceTree = "<group>";
		};
		513E2891237D83A800A5314D /* Gameboard */ = {
			isa = PBXGroup;
			children = (
				513E2883237C901600A5314D /* GameboardView.swift */,
			);
			path = Gameboard;
			sourceTree = "<group>";
		};
		513E2892237D885A00A5314D /* Strategy */ = {
			isa = PBXGroup;
			children = (
				513E2872237C8F6B00A5314D /* Referee.swift */,
				513E288F237D834A00A5314D /* GameStrategy.swift */,
				513E2893237D888500A5314D /* SetPlayerStrategy.swift */,
				513E2895237D88DE00A5314D /* FriendStrategy.swift */,
				513E2897237D892700A5314D /* ArtificialIntelligenceStrategy.swift */,
				513E289D237D9D4200A5314D /* Observable.swift */,
				513E289F237D9D5400A5314D /* Observer.swift */,
			);
			path = Strategy;
			sourceTree = "<group>";
		};
/* End PBXGroup section */

/* Begin PBXNativeTarget section */
		513E2859237C8E8F00A5314D /* XOgame */ = {
			isa = PBXNativeTarget;
			buildConfigurationList = 513E286C237C8E9000A5314D /* Build configuration list for PBXNativeTarget "XOgame" */;
			buildPhases = (
				513E2856237C8E8F00A5314D /* Sources */,
				513E2857237C8E8F00A5314D /* Frameworks */,
				513E2858237C8E8F00A5314D /* Resources */,
			);
			buildRules = (
			);
			dependencies = (
			);
			name = XOgame;
			productName = XOgame;
			productReference = 513E285A237C8E8F00A5314D /* XOgame.app */;
			productType = "com.apple.product-type.application";
		};
/* End PBXNativeTarget section */

/* Begin PBXProject section */
		513E2852237C8E8F00A5314D /* Project object */ = {
			isa = PBXProject;
			attributes = {
				LastSwiftUpdateCheck = 1030;
				LastUpgradeCheck = 1030;
				ORGANIZATIONNAME = "Oxana Lobysheva";
				TargetAttributes = {
					513E2859237C8E8F00A5314D = {
						CreatedOnToolsVersion = 10.3;
					};
				};
			};
			buildConfigurationList = 513E2855237C8E8F00A5314D /* Build configuration list for PBXProject "XOgame" */;
			compatibilityVersion = "Xcode 9.3";
			developmentRegion = en;
			hasScannedForEncodings = 0;
			knownRegions = (
				en,
				Base,
			);
			mainGroup = 513E2851237C8E8F00A5314D;
			productRefGroup = 513E285B237C8E8F00A5314D /* Products */;
			projectDirPath = "";
			projectRoot = "";
			targets = (
				513E2859237C8E8F00A5314D /* XOgame */,
			);
		};
/* End PBXProject section */

/* Begin PBXResourcesBuildPhase section */
		513E2858237C8E8F00A5314D /* Resources */ = {
			isa = PBXResourcesBuildPhase;
			buildActionMask = 2147483647;
			files = (
				513E2868237C8E9000A5314D /* LaunchScreen.storyboard in Resources */,
				513E2865237C8E9000A5314D /* Assets.xcassets in Resources */,
				513E2863237C8E8F00A5314D /* Main.storyboard in Resources */,
			);
			runOnlyForDeploymentPostprocessing = 0;
		};
/* End PBXResourcesBuildPhase section */

/* Begin PBXSourcesBuildPhase section */
		513E2856237C8E8F00A5314D /* Sources */ = {
			isa = PBXSourcesBuildPhase;
			buildActionMask = 2147483647;
			files = (
				513E28A2237D9DC600A5314D /* GameSession.swift in Sources */,
				513E288B237CA65500A5314D /* GameEndedState.swift in Sources */,
				513E288E237D830D00A5314D /* Game.swift in Sources */,
				513E2860237C8E8F00A5314D /* GameViewController.swift in Sources */,
				513E2882237C900600A5314D /* XView.swift in Sources */,
				513E2875237C8F8E00A5314D /* GameboardPosition.swift in Sources */,
				513E2884237C901600A5314D /* GameboardView.swift in Sources */,
				513E2898237D892700A5314D /* ArtificialIntelligenceStrategy.swift in Sources */,
				513E2879237C8FAA00A5314D /* Gameboard.swift in Sources */,
				513E2896237D88DE00A5314D /* FriendStrategy.swift in Sources */,
				513E2889237C9CB800A5314D /* PlayerInputState.swift in Sources */,
				513E285E237C8E8F00A5314D /* AppDelegate.swift in Sources */,
				513E2894237D888500A5314D /* SetPlayerStrategy.swift in Sources */,
				513E2880237C8FF600A5314D /* OView.swift in Sources */,
				513E2890237D834A00A5314D /* GameStrategy.swift in Sources */,
				513E287C237C8FD700A5314D /* Player.swift in Sources */,
				513E2877237C8F9F00A5314D /* GameboardSize.swift in Sources */,
				513E289E237D9D4200A5314D /* Observable.swift in Sources */,
				513E2887237C9C5000A5314D /* GameState.swift in Sources */,
				513E2873237C8F6B00A5314D /* Referee.swift in Sources */,
				513E28A0237D9D5400A5314D /* Observer.swift in Sources */,
				513E287E237C8FEB00A5314D /* MarkView.swift in Sources */,
			);
			runOnlyForDeploymentPostprocessing = 0;
		};
/* End PBXSourcesBuildPhase section */

/* Begin PBXVariantGroup section */
		513E2861237C8E8F00A5314D /* Main.storyboard */ = {
			isa = PBXVariantGroup;
			children = (
				513E2862237C8E8F00A5314D /* Base */,
			);
			name = Main.storyboard;
			sourceTree = "<group>";
		};
		513E2866237C8E9000A5314D /* LaunchScreen.storyboard */ = {
			isa = PBXVariantGroup;
			children = (
				513E2867237C8E9000A5314D /* Base */,
			);
			name = LaunchScreen.storyboard;
			sourceTree = "<group>";
		};
/* End PBXVariantGroup section */

/* Begin XCBuildConfiguration section */
		513E286A237C8E9000A5314D /* Debug */ = {
			isa = XCBuildConfiguration;
			buildSettings = {
				ALWAYS_SEARCH_USER_PATHS = NO;
				CLANG_ANALYZER_NONNULL = YES;
				CLANG_ANALYZER_NUMBER_OBJECT_CONVERSION = YES_AGGRESSIVE;
				CLANG_CXX_LANGUAGE_STANDARD = "gnu++14";
				CLANG_CXX_LIBRARY = "libc++";
				CLANG_ENABLE_MODULES = YES;
				CLANG_ENABLE_OBJC_ARC = YES;
				CLANG_ENABLE_OBJC_WEAK = YES;
				CLANG_WARN_BLOCK_CAPTURE_AUTORELEASING = YES;
				CLANG_WARN_BOOL_CONVERSION = YES;
				CLANG_WARN_COMMA = YES;
				CLANG_WARN_CONSTANT_CONVERSION = YES;
				CLANG_WARN_DEPRECATED_OBJC_IMPLEMENTATIONS = YES;
				CLANG_WARN_DIRECT_OBJC_ISA_USAGE = YES_ERROR;
				CLANG_WARN_DOCUMENTATION_COMMENTS = YES;
				CLANG_WARN_EMPTY_BODY = YES;
				CLANG_WARN_ENUM_CONVERSION = YES;
				CLANG_WARN_INFINITE_RECURSION = YES;
				CLANG_WARN_INT_CONVERSION = YES;
				CLANG_WARN_NON_LITERAL_NULL_CONVERSION = YES;
				CLANG_WARN_OBJC_IMPLICIT_RETAIN_SELF = YES;
				CLANG_WARN_OBJC_LITERAL_CONVERSION = YES;
				CLANG_WARN_OBJC_ROOT_CLASS = YES_ERROR;
				CLANG_WARN_RANGE_LOOP_ANALYSIS = YES;
				CLANG_WARN_STRICT_PROTOTYPES = YES;
				CLANG_WARN_SUSPICIOUS_MOVE = YES;
				CLANG_WARN_UNGUARDED_AVAILABILITY = YES_AGGRESSIVE;
				CLANG_WARN_UNREACHABLE_CODE = YES;
				CLANG_WARN__DUPLICATE_METHOD_MATCH = YES;
				CODE_SIGN_IDENTITY = "iPhone Developer";
				COPY_PHASE_STRIP = NO;
				DEBUG_INFORMATION_FORMAT = dwarf;
				ENABLE_STRICT_OBJC_MSGSEND = YES;
				ENABLE_TESTABILITY = YES;
				GCC_C_LANGUAGE_STANDARD = gnu11;
				GCC_DYNAMIC_NO_PIC = NO;
				GCC_NO_COMMON_BLOCKS = YES;
				GCC_OPTIMIZATION_LEVEL = 0;
				GCC_PREPROCESSOR_DEFINITIONS = (
					"DEBUG=1",
					"$(inherited)",
				);
				GCC_WARN_64_TO_32_BIT_CONVERSION = YES;
				GCC_WARN_ABOUT_RETURN_TYPE = YES_ERROR;
				GCC_WARN_UNDECLARED_SELECTOR = YES;
				GCC_WARN_UNINITIALIZED_AUTOS = YES_AGGRESSIVE;
				GCC_WARN_UNUSED_FUNCTION = YES;
				GCC_WARN_UNUSED_VARIABLE = YES;
				IPHONEOS_DEPLOYMENT_TARGET = 12.4;
				MTL_ENABLE_DEBUG_INFO = INCLUDE_SOURCE;
				MTL_FAST_MATH = YES;
				ONLY_ACTIVE_ARCH = YES;
				SDKROOT = iphoneos;
				SWIFT_ACTIVE_COMPILATION_CONDITIONS = DEBUG;
				SWIFT_OPTIMIZATION_LEVEL = "-Onone";
			};
			name = Debug;
		};
		513E286B237C8E9000A5314D /* Release */ = {
			isa = XCBuildConfiguration;
			buildSettings = {
				ALWAYS_SEARCH_USER_PATHS = NO;
				CLANG_ANALYZER_NONNULL = YES;
				CLANG_ANALYZER_NUMBER_OBJECT_CONVERSION = YES_AGGRESSIVE;
				CLANG_CXX_LANGUAGE_STANDARD = "gnu++14";
				CLANG_CXX_LIBRARY = "libc++";
				CLANG_ENABLE_MODULES = YES;
				CLANG_ENABLE_OBJC_ARC = YES;
				CLANG_ENABLE_OBJC_WEAK = YES;
				CLANG_WARN_BLOCK_CAPTURE_AUTORELEASING = YES;
				CLANG_WARN_BOOL_CONVERSION = YES;
				CLANG_WARN_COMMA = YES;
				CLANG_WARN_CONSTANT_CONVERSION = YES;
				CLANG_WARN_DEPRECATED_OBJC_IMPLEMENTATIONS = YES;
				CLANG_WARN_DIRECT_OBJC_ISA_USAGE = YES_ERROR;
				CLANG_WARN_DOCUMENTATION_COMMENTS = YES;
				CLANG_WARN_EMPTY_BODY = YES;
				CLANG_WARN_ENUM_CONVERSION = YES;
				CLANG_WARN_INFINITE_RECURSION = YES;
				CLANG_WARN_INT_CONVERSION = YES;
				CLANG_WARN_NON_LITERAL_NULL_CONVERSION = YES;
				CLANG_WARN_OBJC_IMPLICIT_RETAIN_SELF = YES;
				CLANG_WARN_OBJC_LITERAL_CONVERSION = YES;
				CLANG_WARN_OBJC_ROOT_CLASS = YES_ERROR;
				CLANG_WARN_RANGE_LOOP_ANALYSIS = YES;
				CLANG_WARN_STRICT_PROTOTYPES = YES;
				CLANG_WARN_SUSPICIOUS_MOVE = YES;
				CLANG_WARN_UNGUARDED_AVAILABILITY = YES_AGGRESSIVE;
				CLANG_WARN_UNREACHABLE_CODE = YES;
				CLANG_WARN__DUPLICATE_METHOD_MATCH = YES;
				CODE_SIGN_IDENTITY = "iPhone Developer";
				COPY_PHASE_STRIP = NO;
				DEBUG_INFORMATION_FORMAT = "dwarf-with-dsym";
				ENABLE_NS_ASSERTIONS = NO;
				ENABLE_STRICT_OBJC_MSGSEND = YES;
				GCC_C_LANGUAGE_STANDARD = gnu11;
				GCC_NO_COMMON_BLOCKS = YES;
				GCC_WARN_64_TO_32_BIT_CONVERSION = YES;
				GCC_WARN_ABOUT_RETURN_TYPE = YES_ERROR;
				GCC_WARN_UNDECLARED_SELECTOR = YES;
				GCC_WARN_UNINITIALIZED_AUTOS = YES_AGGRESSIVE;
				GCC_WARN_UNUSED_FUNCTION = YES;
				GCC_WARN_UNUSED_VARIABLE = YES;
				IPHONEOS_DEPLOYMENT_TARGET = 12.4;
				MTL_ENABLE_DEBUG_INFO = NO;
				MTL_FAST_MATH = YES;
				SDKROOT = iphoneos;
				SWIFT_COMPILATION_MODE = wholemodule;
				SWIFT_OPTIMIZATION_LEVEL = "-O";
				VALIDATE_PRODUCT = YES;
			};
			name = Release;
		};
		513E286D237C8E9000A5314D /* Debug */ = {
			isa = XCBuildConfiguration;
			buildSettings = {
				ASSETCATALOG_COMPILER_APPICON_NAME = AppIcon;
				CODE_SIGN_STYLE = Automatic;
				DEVELOPMENT_TEAM = R2VJ6NW7EN;
				INFOPLIST_FILE = XOgame/Info.plist;
				LD_RUNPATH_SEARCH_PATHS = (
					"$(inherited)",
					"@executable_path/Frameworks",
				);
				PRODUCT_BUNDLE_IDENTIFIER = ru.oxygens.swift.XOgame;
				PRODUCT_NAME = "$(TARGET_NAME)";
				SWIFT_VERSION = 5.0;
				TARGETED_DEVICE_FAMILY = "1,2";
			};
			name = Debug;
		};
		513E286E237C8E9000A5314D /* Release */ = {
			isa = XCBuildConfiguration;
			buildSettings = {
				ASSETCATALOG_COMPILER_APPICON_NAME = AppIcon;
				CODE_SIGN_STYLE = Automatic;
				DEVELOPMENT_TEAM = R2VJ6NW7EN;
				INFOPLIST_FILE = XOgame/Info.plist;
				LD_RUNPATH_SEARCH_PATHS = (
					"$(inherited)",
					"@executable_path/Frameworks",
				);
				PRODUCT_BUNDLE_IDENTIFIER = ru.oxygens.swift.XOgame;
				PRODUCT_NAME = "$(TARGET_NAME)";
				SWIFT_VERSION = 5.0;
				TARGETED_DEVICE_FAMILY = "1,2";
			};
			name = Release;
		};
/* End XCBuildConfiguration section */

/* Begin XCConfigurationList section */
		513E2855237C8E8F00A5314D /* Build configuration list for PBXProject "XOgame" */ = {
			isa = XCConfigurationList;
			buildConfigurations = (
				513E286A237C8E9000A5314D /* Debug */,
				513E286B237C8E9000A5314D /* Release */,
			);
			defaultConfigurationIsVisible = 0;
			defaultConfigurationName = Release;
		};
		513E286C237C8E9000A5314D /* Build configuration list for PBXNativeTarget "XOgame" */ = {
			isa = XCConfigurationList;
			buildConfigurations = (
				513E286D237C8E9000A5314D /* Debug */,
				513E286E237C8E9000A5314D /* Release */,
			);
			defaultConfigurationIsVisible = 0;
			defaultConfigurationName = Release;
		};
/* End XCConfigurationList section */
	};
	rootObject = 513E2852237C8E8F00A5314D /* Project object */;
}
